
Microsoft Visual Studio Solution File, Format Version 12.00
# Visual Studio Version 17
VisualStudioVersion = 17.13.35825.156 d17.13
MinimumVisualStudioVersion = 10.0.40219.1
Project("{8BC9CEB8-8B4A-11D0-8D11-00A0C91BC942}") = "StateMachine", "StateMachine\StateMachine.vcxproj", "{8F85B462-2355-4200-8AA2-9FB1CC34CBA1}"
EndProject
Global
	GlobalSection(SolutionConfigurationPlatforms) = preSolution
		Debug|x64 = Debug|x64
		Debug|x86 = Debug|x86
		Release|x64 = Release|x64
		Release|x86 = Release|x86
	EndGlobalSection
	GlobalSection(ProjectConfigurationPlatforms) = postSolution
		{8F85B462-2355-4200-8AA2-9FB1CC34CBA1}.Debug|x64.ActiveCfg = Debug|x64
		{8F85B462-2355-4200-8AA2-9FB1CC34CBA1}.Debug|x64.Build.0 = Debug|x64
		{8F85B462-2355-4200-8AA2-9FB1CC34CBA1}.Debug|x86.ActiveCfg = Debug|Win32
		{8F85B462-2355-4200-8AA2-9FB1CC34CBA1}.Debug|x86.Build.0 = Debug|Win32
		{8F85B462-2355-4200-8AA2-9FB1CC34CBA1}.Release|x64.ActiveCfg = Release|x64
		{8F85B462-2355-4200-8AA2-9FB1CC34CBA1}.Release|x64.Build.0 = Release|x64
		{8F85B462-2355-4200-8AA2-9FB1CC34CBA1}.Release|x86.ActiveCfg = Release|Win32
		{8F85B462-2355-4200-8AA2-9FB1CC34CBA1}.Release|x86.Build.0 = Release|Win32
	EndGlobalSection
	GlobalSection(SolutionProperties) = preSolution
		HideSolutionNode = FALSE
	EndGlobalSection
	GlobalSection(ExtensibilityGlobals) = postSolution
		SolutionGuid = {18B1C4B2-5456-4645-9AC8-FF0ED5D0DE5B}
	EndGlobalSection
EndGlobal
